PODS:
  - StreambirdDeviceSense (0.0.1)

DEPENDENCIES:
  - StreambirdDeviceSense (from `https://github.com/streambird/streambird-devicesense.git`)

EXTERNAL SOURCES:
  StreambirdDeviceSense:
    :git: https://github.com/streambird/streambird-devicesense.git

CHECKOUT OPTIONS:
  StreambirdDeviceSense:
    :commit: 688a4f52d0dcf2f7b5d087e4beca9c08d7c83f6d
    :git: https://github.com/streambird/streambird-devicesense.git

SPEC CHECKSUMS:
  StreambirdDeviceSense: 69a014d24b61d9d7aa57f79d116e4f4a4e72801b

PODFILE CHECKSUM: 3339b8db74969572ad8d1deb7ee62b5dfc51f882

COCOAPODS: 1.11.3
