// !$*UTF8*$!
{
	archiveVersion = 1;
	classes = {
	};
	objectVersion = 55;
	objects = {

/* Begin PBXBuildFile section */
		24B5798C87CC7E162945180F /* libPods-DeviceSenseCocoaPodsDemo.a in Frameworks */ = {isa = PBXBuildFile; fileRef = 7494B9971FCA65FAC5A2A030 /* libPods-DeviceSenseCocoaPodsDemo.a */; };
		52C17BB429380DB700A2E198 /* AppDelegate.swift in Sources */ = {isa = PBXBuildFile; fileRef = 52C17BB329380DB700A2E198 /* AppDelegate.swift */; };
		52C17BBB29380DB700A2E198 /* Main.storyboard in Resources */ = {isa = PBXBuildFile; fileRef = 52C17BB929380DB700A2E198 /* Main.storyboard */; };
		52C17BBD29380DB800A2E198 /* Assets.xcassets in Resources */ = {isa = PBXBuildFile; fileRef = 52C17BBC29380DB800A2E198 /* Assets.xcassets */; };
		52C17BC029380DB800A2E198 /* LaunchScreen.storyboard in Resources */ = {isa = PBXBuildFile; fileRef = 52C17BBE29380DB800A2E198 /* LaunchScreen.storyboard */; };
/* End PBXBuildFile section */

/* Begin PBXFileReference section */
		52C17BB029380DB700A2E198 /* DeviceSenseCocoaPodsDemo.app */ = {isa = PBXFileReference; explicitFileType = wrapper.application; includeInIndex = 0; path = DeviceSenseCocoaPodsDemo.app; sourceTree = BUILT_PRODUCTS_DIR; };
		52C17BB329380DB700A2E198 /* AppDelegate.swift */ = {isa = PBXFileReference; lastKnownFileType = sourcecode.swift; path = AppDelegate.swift; sourceTree = "<group>"; };
		52C17BBA29380DB700A2E198 /* Base */ = {isa = PBXFileReference; lastKnownFileType = file.storyboard; name = Base; path = Base.lproj/Main.storyboard; sourceTree = "<group>"; };
		52C17BBC29380DB800A2E198 /* Assets.xcassets */ = {isa = PBXFileReference; lastKnownFileType = folder.assetcatalog; path = Assets.xcassets; sourceTree = "<group>"; };
		52C17BBF29380DB800A2E198 /* Base */ = {isa = PBXFileReference; lastKnownFileType = file.storyboard; name = Base; path = Base.lproj/LaunchScreen.storyboard; sourceTree = "<group>"; };
		52C17BC129380DB800A2E198 /* Info.plist */ = {isa = PBXFileReference; lastKnownFileType = text.plist.xml; path = Info.plist; sourceTree = "<group>"; };
		7494B9971FCA65FAC5A2A030 /* libPods-DeviceSenseCocoaPodsDemo.a */ = {isa = PBXFileReference; explicitFileType = archive.ar; includeInIndex = 0; path = "libPods-DeviceSenseCocoaPodsDemo.a"; sourceTree = BUILT_PRODUCTS_DIR; };
		8B19C02F4B950FAD5333B9B7 /* Pods-DeviceSenseCocoaPodsDemo.release.xcconfig */ = {isa = PBXFileReference; includeInIndex = 1; lastKnownFileType = text.xcconfig; name = "Pods-DeviceSenseCocoaPodsDemo.release.xcconfig"; path = "Target Support Files/Pods-DeviceSenseCocoaPodsDemo/Pods-DeviceSenseCocoaPodsDemo.release.xcconfig"; sourceTree = "<group>"; };
		C32BB566BA0ED034418774A6 /* Pods-DeviceSenseCocoaPodsDemo.debug.xcconfig */ = {isa = PBXFileReference; includeInIndex = 1; lastKnownFileType = text.xcconfig; name = "Pods-DeviceSenseCocoaPodsDemo.debug.xcconfig"; path = "Target Support Files/Pods-DeviceSenseCocoaPodsDemo/Pods-DeviceSenseCocoaPodsDemo.debug.xcconfig"; sourceTree = "<group>"; };
/* End PBXFileReference section */

/* Begin PBXFrameworksBuildPhase section */
		52C17BAD29380DB700A2E198 /* Frameworks */ = {
			isa = PBXFrameworksBuildPhase;
			buildActionMask = 2147483647;
			files = (
				24B5798C87CC7E162945180F /* libPods-DeviceSenseCocoaPodsDemo.a in Frameworks */,
			);
			runOnlyForDeploymentPostprocessing = 0;
		};
/* End PBXFrameworksBuildPhase section */

/* Begin PBXGroup section */
		52C17BA729380DB700A2E198 = {
			isa = PBXGroup;
			children = (
				52C17BB229380DB700A2E198 /* DeviceSenseCocoaPodsDemo */,
				52C17BB129380DB700A2E198 /* Products */,
				DE45D2548586C676EB4E7A74 /* Pods */,
				BF9E9358B8E3FF1B1A7A75E4 /* Frameworks */,
			);
			sourceTree = "<group>";
		};
		52C17BB129380DB700A2E198 /* Products */ = {
			isa = PBXGroup;
			children = (
				52C17BB029380DB700A2E198 /* DeviceSenseCocoaPodsDemo.app */,
			);
			name = Products;
			sourceTree = "<group>";
		};
		52C17BB229380DB700A2E198 /* DeviceSenseCocoaPodsDemo */ = {
			isa = PBXGroup;
			children = (
				52C17BB329380DB700A2E198 /* AppDelegate.swift */,
				52C17BB929380DB700A2E198 /* Main.storyboard */,
				52C17BBC29380DB800A2E198 /* Assets.xcassets */,
				52C17BBE29380DB800A2E198 /* LaunchScreen.storyboard */,
				52C17BC129380DB800A2E198 /* Info.plist */,
			);
			path = DeviceSenseCocoaPodsDemo;
			sourceTree = "<group>";
		};
		BF9E9358B8E3FF1B1A7A75E4 /* Frameworks */ = {
			isa = PBXGroup;
			children = (
				7494B9971FCA65FAC5A2A030 /* libPods-DeviceSenseCocoaPodsDemo.a */,
			);
			name = Frameworks;
			sourceTree = "<group>";
		};
		DE45D2548586C676EB4E7A74 /* Pods */ = {
			isa = PBXGroup;
			children = (
				C32BB566BA0ED034418774A6 /* Pods-DeviceSenseCocoaPodsDemo.debug.xcconfig */,
				8B19C02F4B950FAD5333B9B7 /* Pods-DeviceSenseCocoaPodsDemo.release.xcconfig */,
			);
			path = Pods;
			sourceTree = "<group>";
		};
/* End PBXGroup section */

/* Begin PBXNativeTarget section */
		52C17BAF29380DB700A2E198 /* DeviceSenseCocoaPodsDemo */ = {
			isa = PBXNativeTarget;
			buildConfigurationList = 52C17BC429380DB800A2E198 /* Build configuration list for PBXNativeTarget "DeviceSenseCocoaPodsDemo" */;
			buildPhases = (
				7A5C737CB24852797145A6C2 /* [CP] Check Pods Manifest.lock */,
				52C17BAC29380DB700A2E198 /* Sources */,
				52C17BAD29380DB700A2E198 /* Frameworks */,
				52C17BAE29380DB700A2E198 /* Resources */,
				297C3CE775D0EC6C766614BA /* [CP] Embed Pods Frameworks */,
			);
			buildRules = (
			);
			dependencies = (
			);
			name = DeviceSenseCocoaPodsDemo;
			productName = DeviceSenseCocoaPodsDemo;
			productReference = 52C17BB029380DB700A2E198 /* DeviceSenseCocoaPodsDemo.app */;
			productType = "com.apple.product-type.application";
		};
/* End PBXNativeTarget section */

/* Begin PBXProject section */
		52C17BA829380DB700A2E198 /* Project object */ = {
			isa = PBXProject;
			attributes = {
				BuildIndependentTargetsInParallel = 1;
				LastSwiftUpdateCheck = 1340;
				LastUpgradeCheck = 1340;
				TargetAttributes = {
					52C17BAF29380DB700A2E198 = {
						CreatedOnToolsVersion = 13.4.1;
					};
				};
			};
			buildConfigurationList = 52C17BAB29380DB700A2E198 /* Build configuration list for PBXProject "DeviceSenseCocoaPodsDemo" */;
			compatibilityVersion = "Xcode 13.0";
			developmentRegion = en;
			hasScannedForEncodings = 0;
			knownRegions = (
				en,
				Base,
			);
			mainGroup = 52C17BA729380DB700A2E198;
			productRefGroup = 52C17BB129380DB700A2E198 /* Products */;
			projectDirPath = "";
			projectRoot = "";
			targets = (
				52C17BAF29380DB700A2E198 /* DeviceSenseCocoaPodsDemo */,
			);
		};
/* End PBXProject section */

/* Begin PBXResourcesBuildPhase section */
		52C17BAE29380DB700A2E198 /* Resources */ = {
			isa = PBXResourcesBuildPhase;
			buildActionMask = 2147483647;
			files = (
				52C17BC029380DB800A2E198 /* LaunchScreen.storyboard in Resources */,
				52C17BBD29380DB800A2E198 /* Assets.xcassets in Resources */,
				52C17BBB29380DB700A2E198 /* Main.storyboard in Resources */,
			);
			runOnlyForDeploymentPostprocessing = 0;
		};
/* End PBXResourcesBuildPhase section */

/* Begin PBXShellScriptBuildPhase section */
		297C3CE775D0EC6C766614BA /* [CP] Embed Pods Frameworks */ = {
			isa = PBXShellScriptBuildPhase;
			buildActionMask = 2147483647;
			files = (
			);
			inputFileListPaths = (
				"${PODS_ROOT}/Target Support Files/Pods-DeviceSenseCocoaPodsDemo/Pods-DeviceSenseCocoaPodsDemo-frameworks-${CONFIGURATION}-input-files.xcfilelist",
			);
			name = "[CP] Embed Pods Frameworks";
			outputFileListPaths = (
				"${PODS_ROOT}/Target Support Files/Pods-DeviceSenseCocoaPodsDemo/Pods-DeviceSenseCocoaPodsDemo-frameworks-${CONFIGURATION}-output-files.xcfilelist",
			);
			runOnlyForDeploymentPostprocessing = 0;
			shellPath = /bin/sh;
			shellScript = "\"${PODS_ROOT}/Target Support Files/Pods-DeviceSenseCocoaPodsDemo/Pods-DeviceSenseCocoaPodsDemo-frameworks.sh\"\n";
			showEnvVarsInLog = 0;
		};
		7A5C737CB24852797145A6C2 /* [CP] Check Pods Manifest.lock */ = {
			isa = PBXShellScriptBuildPhase;
			buildActionMask = 2147483647;
			files = (
			);
			inputFileListPaths = (
			);
			inputPaths = (
				"${PODS_PODFILE_DIR_PATH}/Podfile.lock",
				"${PODS_ROOT}/Manifest.lock",
			);
			name = "[CP] Check Pods Manifest.lock";
			outputFileListPaths = (
			);
			outputPaths = (
				"$(DERIVED_FILE_DIR)/Pods-DeviceSenseCocoaPodsDemo-checkManifestLockResult.txt",
			);
			runOnlyForDeploymentPostprocessing = 0;
			shellPath = /bin/sh;
			shellScript = "diff \"${PODS_PODFILE_DIR_PATH}/Podfile.lock\" \"${PODS_ROOT}/Manifest.lock\" > /dev/null\nif [ $? != 0 ] ; then\n    # print error to STDERR\n    echo \"error: The sandbox is not in sync with the Podfile.lock. Run 'pod install' or update your CocoaPods installation.\" >&2\n    exit 1\nfi\n# This output is used by Xcode 'outputs' to avoid re-running this script phase.\necho \"SUCCESS\" > \"${SCRIPT_OUTPUT_FILE_0}\"\n";
			showEnvVarsInLog = 0;
		};
/* End PBXShellScriptBuildPhase section */

/* Begin PBXSourcesBuildPhase section */
		52C17BAC29380DB700A2E198 /* Sources */ = {
			isa = PBXSourcesBuildPhase;
			buildActionMask = 2147483647;
			files = (
				52C17BB429380DB700A2E198 /* AppDelegate.swift in Sources */,
			);
			runOnlyForDeploymentPostprocessing = 0;
		};
/* End PBXSourcesBuildPhase section */

/* Begin PBXVariantGroup section */
		52C17BB929380DB700A2E198 /* Main.storyboard */ = {
			isa = PBXVariantGroup;
			children = (
				52C17BBA29380DB700A2E198 /* Base */,
			);
			name = Main.storyboard;
			sourceTree = "<group>";
		};
		52C17BBE29380DB800A2E198 /* LaunchScreen.storyboard */ = {
			isa = PBXVariantGroup;
			children = (
				52C17BBF29380DB800A2E198 /* Base */,
			);
			name = LaunchScreen.storyboard;
			sourceTree = "<group>";
		};
/* End PBXVariantGroup section */

/* Begin XCBuildConfiguration section */
		52C17BC229380DB800A2E198 /* Debug */ = {
			isa = XCBuildConfiguration;
			buildSettings = {
				ALWAYS_SEARCH_USER_PATHS = NO;
				CLANG_ANALYZER_NONNULL = YES;
				CLANG_ANALYZER_NUMBER_OBJECT_CONVERSION = YES_AGGRESSIVE;
				CLANG_CXX_LANGUAGE_STANDARD = "gnu++17";
				CLANG_ENABLE_MODULES = YES;
				CLANG_ENABLE_OBJC_ARC = YES;
				CLANG_ENABLE_OBJC_WEAK = YES;
				CLANG_WARN_BLOCK_CAPTURE_AUTORELEASING = YES;
				CLANG_WARN_BOOL_CONVERSION = YES;
				CLANG_WARN_COMMA = YES;
				CLANG_WARN_CONSTANT_CONVERSION = YES;
				CLANG_WARN_DEPRECATED_OBJC_IMPLEMENTATIONS = YES;
				CLANG_WARN_DIRECT_OBJC_ISA_USAGE = YES_ERROR;
				CLANG_WARN_DOCUMENTATION_COMMENTS = YES;
				CLANG_WARN_EMPTY_BODY = YES;
				CLANG_WARN_ENUM_CONVERSION = YES;
				CLANG_WARN_INFINITE_RECURSION = YES;
				CLANG_WARN_INT_CONVERSION = YES;
				CLANG_WARN_NON_LITERAL_NULL_CONVERSION = YES;
				CLANG_WARN_OBJC_IMPLICIT_RETAIN_SELF = YES;
				CLANG_WARN_OBJC_LITERAL_CONVERSION = YES;
				CLANG_WARN_OBJC_ROOT_CLASS = YES_ERROR;
				CLANG_WARN_QUOTED_INCLUDE_IN_FRAMEWORK_HEADER = YES;
				CLANG_WARN_RANGE_LOOP_ANALYSIS = YES;
				CLANG_WARN_STRICT_PROTOTYPES = YES;
				CLANG_WARN_SUSPICIOUS_MOVE = YES;
				CLANG_WARN_UNGUARDED_AVAILABILITY = YES_AGGRESSIVE;
				CLANG_WARN_UNREACHABLE_CODE = YES;
				CLANG_WARN__DUPLICATE_METHOD_MATCH = YES;
				COPY_PHASE_STRIP = NO;
				DEBUG_INFORMATION_FORMAT = dwarf;
				ENABLE_STRICT_OBJC_MSGSEND = YES;
				ENABLE_TESTABILITY = YES;
				GCC_C_LANGUAGE_STANDARD = gnu11;
				GCC_DYNAMIC_NO_PIC = NO;
				GCC_NO_COMMON_BLOCKS = YES;
				GCC_OPTIMIZATION_LEVEL = 0;
				GCC_PREPROCESSOR_DEFINITIONS = (
					"DEBUG=1",
					"$(inherited)",
				);
				GCC_WARN_64_TO_32_BIT_CONVERSION = YES;
				GCC_WARN_ABOUT_RETURN_TYPE = YES_ERROR;
				GCC_WARN_UNDECLARED_SELECTOR = YES;
				GCC_WARN_UNINITIALIZED_AUTOS = YES_AGGRESSIVE;
				GCC_WARN_UNUSED_FUNCTION = YES;
				GCC_WARN_UNUSED_VARIABLE = YES;
				IPHONEOS_DEPLOYMENT_TARGET = 15.5;
				MTL_ENABLE_DEBUG_INFO = INCLUDE_SOURCE;
				MTL_FAST_MATH = YES;
				ONLY_ACTIVE_ARCH = YES;
				SDKROOT = iphoneos;
				SWIFT_ACTIVE_COMPILATION_CONDITIONS = DEBUG;
				SWIFT_OPTIMIZATION_LEVEL = "-Onone";
			};
			name = Debug;
		};
		52C17BC329380DB800A2E198 /* Release */ = {
			isa = XCBuildConfiguration;
			buildSettings = {
				ALWAYS_SEARCH_USER_PATHS = NO;
				CLANG_ANALYZER_NONNULL = YES;
				CLANG_ANALYZER_NUMBER_OBJECT_CONVERSION = YES_AGGRESSIVE;
				CLANG_CXX_LANGUAGE_STANDARD = "gnu++17";
				CLANG_ENABLE_MODULES = YES;
				CLANG_ENABLE_OBJC_ARC = YES;
				CLANG_ENABLE_OBJC_WEAK = YES;
				CLANG_WARN_BLOCK_CAPTURE_AUTORELEASING = YES;
				CLANG_WARN_BOOL_CONVERSION = YES;
				CLANG_WARN_COMMA = YES;
				CLANG_WARN_CONSTANT_CONVERSION = YES;
				CLANG_WARN_DEPRECATED_OBJC_IMPLEMENTATIONS = YES;
				CLANG_WARN_DIRECT_OBJC_ISA_USAGE = YES_ERROR;
				CLANG_WARN_DOCUMENTATION_COMMENTS = YES;
				CLANG_WARN_EMPTY_BODY = YES;
				CLANG_WARN_ENUM_CONVERSION = YES;
				CLANG_WARN_INFINITE_RECURSION = YES;
				CLANG_WARN_INT_CONVERSION = YES;
				CLANG_WARN_NON_LITERAL_NULL_CONVERSION = YES;
				CLANG_WARN_OBJC_IMPLICIT_RETAIN_SELF = YES;
				CLANG_WARN_OBJC_LITERAL_CONVERSION = YES;
				CLANG_WARN_OBJC_ROOT_CLASS = YES_ERROR;
				CLANG_WARN_QUOTED_INCLUDE_IN_FRAMEWORK_HEADER = YES;
				CLANG_WARN_RANGE_LOOP_ANALYSIS = YES;
				CLANG_WARN_STRICT_PROTOTYPES = YES;
				CLANG_WARN_SUSPICIOUS_MOVE = YES;
				CLANG_WARN_UNGUARDED_AVAILABILITY = YES_AGGRESSIVE;
				CLANG_WARN_UNREACHABLE_CODE = YES;
				CLANG_WARN__DUPLICATE_METHOD_MATCH = YES;
				COPY_PHASE_STRIP = NO;
				DEBUG_INFORMATION_FORMAT = "dwarf-with-dsym";
				ENABLE_NS_ASSERTIONS = NO;
				ENABLE_STRICT_OBJC_MSGSEND = YES;
				GCC_C_LANGUAGE_STANDARD = gnu11;
				GCC_NO_COMMON_BLOCKS = YES;
				GCC_WARN_64_TO_32_BIT_CONVERSION = YES;
				GCC_WARN_ABOUT_RETURN_TYPE = YES_ERROR;
				GCC_WARN_UNDECLARED_SELECTOR = YES;
				GCC_WARN_UNINITIALIZED_AUTOS = YES_AGGRESSIVE;
				GCC_WARN_UNUSED_FUNCTION = YES;
				GCC_WARN_UNUSED_VARIABLE = YES;
				IPHONEOS_DEPLOYMENT_TARGET = 15.5;
				MTL_ENABLE_DEBUG_INFO = NO;
				MTL_FAST_MATH = YES;
				SDKROOT = iphoneos;
				SWIFT_COMPILATION_MODE = wholemodule;
				SWIFT_OPTIMIZATION_LEVEL = "-O";
				VALIDATE_PRODUCT = YES;
			};
			name = Release;
		};
		52C17BC529380DB800A2E198 /* Debug */ = {
			isa = XCBuildConfiguration;
			baseConfigurationReference = C32BB566BA0ED034418774A6 /* Pods-DeviceSenseCocoaPodsDemo.debug.xcconfig */;
			buildSettings = {
				ASSETCATALOG_COMPILER_APPICON_NAME = AppIcon;
				ASSETCATALOG_COMPILER_GLOBAL_ACCENT_COLOR_NAME = AccentColor;
				CODE_SIGN_STYLE = Automatic;
				CURRENT_PROJECT_VERSION = 1;
				DEVELOPMENT_TEAM = 8MLP8F94PN;
				GENERATE_INFOPLIST_FILE = YES;
				INFOPLIST_FILE = DeviceSenseCocoaPodsDemo/Info.plist;
				INFOPLIST_KEY_UIApplicationSupportsIndirectInputEvents = YES;
				INFOPLIST_KEY_UILaunchStoryboardName = LaunchScreen;
				INFOPLIST_KEY_UIMainStoryboardFile = Main;
				INFOPLIST_KEY_UISupportedInterfaceOrientations_iPad = "UIInterfaceOrientationPortrait UIInterfaceOrientationPortraitUpsideDown UIInterfaceOrientationLandscapeLeft UIInterfaceOrientationLandscapeRight";
				INFOPLIST_KEY_UISupportedInterfaceOrientations_iPhone = "UIInterfaceOrientationPortrait UIInterfaceOrientationLandscapeLeft UIInterfaceOrientationLandscapeRight";
				LD_RUNPATH_SEARCH_PATHS = (
					"$(inherited)",
					"@executable_path/Frameworks",
				);
				MARKETING_VERSION = 1.0;
				PRODUCT_BUNDLE_IDENTIFIER = com.quanghuynh.DeviceSenseCocoaPodsDemo;
				PRODUCT_NAME = "$(TARGET_NAME)";
				SWIFT_EMIT_LOC_STRINGS = YES;
				SWIFT_VERSION = 5.0;
				TARGETED_DEVICE_FAMILY = "1,2";
			};
			name = Debug;
		};
		52C17BC629380DB800A2E198 /* Release */ = {
			isa = XCBuildConfiguration;
			baseConfigurationReference = 8B19C02F4B950FAD5333B9B7 /* Pods-DeviceSenseCocoaPodsDemo.release.xcconfig */;
			buildSettings = {
				ASSETCATALOG_COMPILER_APPICON_NAME = AppIcon;
				ASSETCATALOG_COMPILER_GLOBAL_ACCENT_COLOR_NAME = AccentColor;
				CODE_SIGN_STYLE = Automatic;
				CURRENT_PROJECT_VERSION = 1;
				DEVELOPMENT_TEAM = 8MLP8F94PN;
				GENERATE_INFOPLIST_FILE = YES;
				INFOPLIST_FILE = DeviceSenseCocoaPodsDemo/Info.plist;
				INFOPLIST_KEY_UIApplicationSupportsIndirectInputEvents = YES;
				INFOPLIST_KEY_UILaunchStoryboardName = LaunchScreen;
				INFOPLIST_KEY_UIMainStoryboardFile = Main;
				INFOPLIST_KEY_UISupportedInterfaceOrientations_iPad = "UIInterfaceOrientationPortrait UIInterfaceOrientationPortraitUpsideDown UIInterfaceOrientationLandscapeLeft UIInterfaceOrientationLandscapeRight";
				INFOPLIST_KEY_UISupportedInterfaceOrientations_iPhone = "UIInterfaceOrientationPortrait UIInterfaceOrientationLandscapeLeft UIInterfaceOrientationLandscapeRight";
				LD_RUNPATH_SEARCH_PATHS = (
					"$(inherited)",
					"@executable_path/Frameworks",
				);
				MARKETING_VERSION = 1.0;
				PRODUCT_BUNDLE_IDENTIFIER = com.quanghuynh.DeviceSenseCocoaPodsDemo;
				PRODUCT_NAME = "$(TARGET_NAME)";
				SWIFT_EMIT_LOC_STRINGS = YES;
				SWIFT_VERSION = 5.0;
				TARGETED_DEVICE_FAMILY = "1,2";
			};
			name = Release;
		};
/* End XCBuildConfiguration section */

/* Begin XCConfigurationList section */
		52C17BAB29380DB700A2E198 /* Build configuration list for PBXProject "DeviceSenseCocoaPodsDemo" */ = {
			isa = XCConfigurationList;
			buildConfigurations = (
				52C17BC229380DB800A2E198 /* Debug */,
				52C17BC329380DB800A2E198 /* Release */,
			);
			defaultConfigurationIsVisible = 0;
			defaultConfigurationName = Release;
		};
		52C17BC429380DB800A2E198 /* Build configuration list for PBXNativeTarget "DeviceSenseCocoaPodsDemo" */ = {
			isa = XCConfigurationList;
			buildConfigurations = (
				52C17BC529380DB800A2E198 /* Debug */,
				52C17BC629380DB800A2E198 /* Release */,
			);
			defaultConfigurationIsVisible = 0;
			defaultConfigurationName = Release;
		};
/* End XCConfigurationList section */
	};
	rootObject = 52C17BA829380DB700A2E198 /* Project object */;
}
