// !$*UTF8*$!
{
	archiveVersion = 1;
	classes = {
	};
	objectVersion = 55;
	objects = {

/* Begin PBXBuildFile section */
		52C17B8229380A2100A2E198 /* DemoXCFrameworkApp.swift in Sources */ = {isa = PBXBuildFile; fileRef = 52C17B7929380A2000A2E198 /* DemoXCFrameworkApp.swift */; };
		52C17B8329380A2100A2E198 /* Assets.xcassets in Resources */ = {isa = PBXBuildFile; fileRef = 52C17B7A29380A2000A2E198 /* Assets.xcassets */; };
		52C17B8429380A2100A2E198 /* Preview Assets.xcassets in Resources */ = {isa = PBXBuildFile; fileRef = 52C17B7C29380A2000A2E198 /* Preview Assets.xcassets */; };
		52C17B8529380A2100A2E198 /* ContentView.swift in Sources */ = {isa = PBXBuildFile; fileRef = 52C17B7D29380A2000A2E198 /* ContentView.swift */; };
		52C17B8629380A2100A2E198 /* Info.plist in Resources */ = {isa = PBXBuildFile; fileRef = 52C17B7E29380A2000A2E198 /* Info.plist */; };
/* End PBXBuildFile section */

/* Begin PBXContainerItemProxy section */
		52C17B8029380A2000A2E198 /* PBXContainerItemProxy */ = {
			isa = PBXContainerItemProxy;
			containerPortal = 52C17B7529380A2000A2E198 /* DemoXCFramework.xcodeproj */;
			proxyType = 2;
			remoteGlobalIDString = 6A81D8292899DB00001C5E95;
			remoteInfo = DemoXCFramework;
		};
/* End PBXContainerItemProxy section */

/* Begin PBXCopyFilesBuildPhase section */
		52CA6D992937BB4D0072B41A /* Embed Frameworks */ = {
			isa = PBXCopyFilesBuildPhase;
			buildActionMask = 2147483647;
			dstPath = "";
			dstSubfolderSpec = 10;
			files = (
			);
			name = "Embed Frameworks";
			runOnlyForDeploymentPostprocessing = 0;
		};
/* End PBXCopyFilesBuildPhase section */

/* Begin PBXFileReference section */
		52C17B7529380A2000A2E198 /* DemoXCFramework.xcodeproj */ = {isa = PBXFileReference; lastKnownFileType = "wrapper.pb-project"; path = DemoXCFramework.xcodeproj; sourceTree = "<group>"; };
		52C17B7929380A2000A2E198 /* DemoXCFrameworkApp.swift */ = {isa = PBXFileReference; fileEncoding = 4; lastKnownFileType = sourcecode.swift; path = DemoXCFrameworkApp.swift; sourceTree = "<group>"; };
		52C17B7A29380A2000A2E198 /* Assets.xcassets */ = {isa = PBXFileReference; lastKnownFileType = folder.assetcatalog; path = Assets.xcassets; sourceTree = "<group>"; };
		52C17B7C29380A2000A2E198 /* Preview Assets.xcassets */ = {isa = PBXFileReference; lastKnownFileType = folder.assetcatalog; path = "Preview Assets.xcassets"; sourceTree = "<group>"; };
		52C17B7D29380A2000A2E198 /* ContentView.swift */ = {isa = PBXFileReference; fileEncoding = 4; lastKnownFileType = sourcecode.swift; path = ContentView.swift; sourceTree = "<group>"; };
		52C17B7E29380A2000A2E198 /* Info.plist */ = {isa = PBXFileReference; fileEncoding = 4; lastKnownFileType = text.plist.xml; path = Info.plist; sourceTree = "<group>"; };
		52CA6D7E2937BB140072B41A /* StreambirdDeviceSense-iOS.app */ = {isa = PBXFileReference; explicitFileType = wrapper.application; includeInIndex = 0; path = "StreambirdDeviceSense-iOS.app"; sourceTree = BUILT_PRODUCTS_DIR; };
/* End PBXFileReference section */

/* Begin PBXFrameworksBuildPhase section */
		52CA6D7B2937BB140072B41A /* Frameworks */ = {
			isa = PBXFrameworksBuildPhase;
			buildActionMask = 2147483647;
			files = (
			);
			runOnlyForDeploymentPostprocessing = 0;
		};
/* End PBXFrameworksBuildPhase section */

/* Begin PBXGroup section */
		52C17B6C293807F100A2E198 /* Examples */ = {
			isa = PBXGroup;
			children = (
				52C17B7429380A2000A2E198 /* DemoXCFramework */,
			);
			path = Examples;
			sourceTree = "<group>";
		};
		52C17B7429380A2000A2E198 /* DemoXCFramework */ = {
			isa = PBXGroup;
			children = (
				52C17B7529380A2000A2E198 /* DemoXCFramework.xcodeproj */,
				52C17B7829380A2000A2E198 /* DemoXCFramework */,
			);
			path = DemoXCFramework;
			sourceTree = "<group>";
		};
		52C17B7629380A2000A2E198 /* Products */ = {
			isa = PBXGroup;
			children = (
				52C17B8129380A2000A2E198 /* DemoXCFramework.app */,
			);
			name = Products;
			sourceTree = "<group>";
		};
		52C17B7829380A2000A2E198 /* DemoXCFramework */ = {
			isa = PBXGroup;
			children = (
				52C17B7929380A2000A2E198 /* DemoXCFrameworkApp.swift */,
				52C17B7A29380A2000A2E198 /* Assets.xcassets */,
				52C17B7B29380A2000A2E198 /* Preview Content */,
				52C17B7D29380A2000A2E198 /* ContentView.swift */,
				52C17B7E29380A2000A2E198 /* Info.plist */,
			);
			path = DemoXCFramework;
			sourceTree = "<group>";
		};
		52C17B7B29380A2000A2E198 /* Preview Content */ = {
			isa = PBXGroup;
			children = (
				52C17B7C29380A2000A2E198 /* Preview Assets.xcassets */,
			);
			path = "Preview Content";
			sourceTree = "<group>";
		};
		52CA6D752937BB140072B41A = {
			isa = PBXGroup;
			children = (
				52C17B6C293807F100A2E198 /* Examples */,
				52CA6D7F2937BB140072B41A /* Products */,
				52CA6D952937BB4D0072B41A /* Frameworks */,
			);
			sourceTree = "<group>";
		};
		52CA6D7F2937BB140072B41A /* Products */ = {
			isa = PBXGroup;
			children = (
				52CA6D7E2937BB140072B41A /* StreambirdDeviceSense-iOS.app */,
			);
			name = Products;
			sourceTree = "<group>";
		};
		52CA6D952937BB4D0072B41A /* Frameworks */ = {
			isa = PBXGroup;
			children = (
			);
			name = Frameworks;
			sourceTree = "<group>";
		};
/* End PBXGroup section */

/* Begin PBXNativeTarget section */
		52CA6D7D2937BB140072B41A /* StreambirdDeviceSense-iOS */ = {
			isa = PBXNativeTarget;
			buildConfigurationList = 52CA6D922937BB150072B41A /* Build configuration list for PBXNativeTarget "StreambirdDeviceSense-iOS" */;
			buildPhases = (
				52CA6D7A2937BB140072B41A /* Sources */,
				52CA6D7B2937BB140072B41A /* Frameworks */,
				52CA6D7C2937BB140072B41A /* Resources */,
				52CA6D992937BB4D0072B41A /* Embed Frameworks */,
			);
			buildRules = (
			);
			dependencies = (
			);
			name = "StreambirdDeviceSense-iOS";
			productName = "StreambirdDeviceSense-iOS";
			productReference = 52CA6D7E2937BB140072B41A /* StreambirdDeviceSense-iOS.app */;
			productType = "com.apple.product-type.application";
		};
/* End PBXNativeTarget section */

/* Begin PBXProject section */
		52CA6D762937BB140072B41A /* Project object */ = {
			isa = PBXProject;
			attributes = {
				BuildIndependentTargetsInParallel = 1;
				LastSwiftUpdateCheck = 1340;
				LastUpgradeCheck = 1340;
				TargetAttributes = {
					52CA6D7D2937BB140072B41A = {
						CreatedOnToolsVersion = 13.4.1;
					};
				};
			};
			buildConfigurationList = 52CA6D792937BB140072B41A /* Build configuration list for PBXProject "StreambirdDeviceSense-iOS" */;
			compatibilityVersion = "Xcode 13.0";
			developmentRegion = en;
			hasScannedForEncodings = 0;
			knownRegions = (
				en,
				Base,
			);
			mainGroup = 52CA6D752937BB140072B41A;
			productRefGroup = 52CA6D7F2937BB140072B41A /* Products */;
			projectDirPath = "";
			projectReferences = (
				{
					ProductGroup = 52C17B7629380A2000A2E198 /* Products */;
					ProjectRef = 52C17B7529380A2000A2E198 /* DemoXCFramework.xcodeproj */;
				},
			);
			projectRoot = "";
			targets = (
				52CA6D7D2937BB140072B41A /* StreambirdDeviceSense-iOS */,
			);
		};
/* End PBXProject section */

/* Begin PBXReferenceProxy section */
		52C17B8129380A2000A2E198 /* DemoXCFramework.app */ = {
			isa = PBXReferenceProxy;
			fileType = wrapper.application;
			path = DemoXCFramework.app;
			remoteRef = 52C17B8029380A2000A2E198 /* PBXContainerItemProxy */;
			sourceTree = BUILT_PRODUCTS_DIR;
		};
/* End PBXReferenceProxy section */

/* Begin PBXResourcesBuildPhase section */
		52CA6D7C2937BB140072B41A /* Resources */ = {
			isa = PBXResourcesBuildPhase;
			buildActionMask = 2147483647;
			files = (
				52C17B8429380A2100A2E198 /* Preview Assets.xcassets in Resources */,
				52C17B8329380A2100A2E198 /* Assets.xcassets in Resources */,
				52C17B8629380A2100A2E198 /* Info.plist in Resources */,
			);
			runOnlyForDeploymentPostprocessing = 0;
		};
/* End PBXResourcesBuildPhase section */

/* Begin PBXSourcesBuildPhase section */
		52CA6D7A2937BB140072B41A /* Sources */ = {
			isa = PBXSourcesBuildPhase;
			buildActionMask = 2147483647;
			files = (
				52C17B8529380A2100A2E198 /* ContentView.swift in Sources */,
				52C17B8229380A2100A2E198 /* DemoXCFrameworkApp.swift in Sources */,
			);
			runOnlyForDeploymentPostprocessing = 0;
		};
/* End PBXSourcesBuildPhase section */

/* Begin XCBuildConfiguration section */
		52CA6D902937BB150072B41A /* Debug */ = {
			isa = XCBuildConfiguration;
			buildSettings = {
				ALWAYS_SEARCH_USER_PATHS = NO;
				CLANG_ANALYZER_NONNULL = YES;
				CLANG_ANALYZER_NUMBER_OBJECT_CONVERSION = YES_AGGRESSIVE;
				CLANG_CXX_LANGUAGE_STANDARD = "gnu++17";
				CLANG_ENABLE_MODULES = YES;
				CLANG_ENABLE_OBJC_ARC = YES;
				CLANG_ENABLE_OBJC_WEAK = YES;
				CLANG_WARN_BLOCK_CAPTURE_AUTORELEASING = YES;
				CLANG_WARN_BOOL_CONVERSION = YES;
				CLANG_WARN_COMMA = YES;
				CLANG_WARN_CONSTANT_CONVERSION = YES;
				CLANG_WARN_DEPRECATED_OBJC_IMPLEMENTATIONS = YES;
				CLANG_WARN_DIRECT_OBJC_ISA_USAGE = YES_ERROR;
				CLANG_WARN_DOCUMENTATION_COMMENTS = YES;
				CLANG_WARN_EMPTY_BODY = YES;
				CLANG_WARN_ENUM_CONVERSION = YES;
				CLANG_WARN_INFINITE_RECURSION = YES;
				CLANG_WARN_INT_CONVERSION = YES;
				CLANG_WARN_NON_LITERAL_NULL_CONVERSION = YES;
				CLANG_WARN_OBJC_IMPLICIT_RETAIN_SELF = YES;
				CLANG_WARN_OBJC_LITERAL_CONVERSION = YES;
				CLANG_WARN_OBJC_ROOT_CLASS = YES_ERROR;
				CLANG_WARN_QUOTED_INCLUDE_IN_FRAMEWORK_HEADER = YES;
				CLANG_WARN_RANGE_LOOP_ANALYSIS = YES;
				CLANG_WARN_STRICT_PROTOTYPES = YES;
				CLANG_WARN_SUSPICIOUS_MOVE = YES;
				CLANG_WARN_UNGUARDED_AVAILABILITY = YES_AGGRESSIVE;
				CLANG_WARN_UNREACHABLE_CODE = YES;
				CLANG_WARN__DUPLICATE_METHOD_MATCH = YES;
				COPY_PHASE_STRIP = NO;
				DEBUG_INFORMATION_FORMAT = dwarf;
				ENABLE_STRICT_OBJC_MSGSEND = YES;
				ENABLE_TESTABILITY = YES;
				GCC_C_LANGUAGE_STANDARD = gnu11;
				GCC_DYNAMIC_NO_PIC = NO;
				GCC_NO_COMMON_BLOCKS = YES;
				GCC_OPTIMIZATION_LEVEL = 0;
				GCC_PREPROCESSOR_DEFINITIONS = (
					"DEBUG=1",
					"$(inherited)",
				);
				GCC_WARN_64_TO_32_BIT_CONVERSION = YES;
				GCC_WARN_ABOUT_RETURN_TYPE = YES_ERROR;
				GCC_WARN_UNDECLARED_SELECTOR = YES;
				GCC_WARN_UNINITIALIZED_AUTOS = YES_AGGRESSIVE;
				GCC_WARN_UNUSED_FUNCTION = YES;
				GCC_WARN_UNUSED_VARIABLE = YES;
				IPHONEOS_DEPLOYMENT_TARGET = 15.5;
				MTL_ENABLE_DEBUG_INFO = INCLUDE_SOURCE;
				MTL_FAST_MATH = YES;
				ONLY_ACTIVE_ARCH = YES;
				SDKROOT = iphoneos;
				SWIFT_ACTIVE_COMPILATION_CONDITIONS = DEBUG;
				SWIFT_OPTIMIZATION_LEVEL = "-Onone";
			};
			name = Debug;
		};
		52CA6D912937BB150072B41A /* Release */ = {
			isa = XCBuildConfiguration;
			buildSettings = {
				ALWAYS_SEARCH_USER_PATHS = NO;
				CLANG_ANALYZER_NONNULL = YES;
				CLANG_ANALYZER_NUMBER_OBJECT_CONVERSION = YES_AGGRESSIVE;
				CLANG_CXX_LANGUAGE_STANDARD = "gnu++17";
				CLANG_ENABLE_MODULES = YES;
				CLANG_ENABLE_OBJC_ARC = YES;
				CLANG_ENABLE_OBJC_WEAK = YES;
				CLANG_WARN_BLOCK_CAPTURE_AUTORELEASING = YES;
				CLANG_WARN_BOOL_CONVERSION = YES;
				CLANG_WARN_COMMA = YES;
				CLANG_WARN_CONSTANT_CONVERSION = YES;
				CLANG_WARN_DEPRECATED_OBJC_IMPLEMENTATIONS = YES;
				CLANG_WARN_DIRECT_OBJC_ISA_USAGE = YES_ERROR;
				CLANG_WARN_DOCUMENTATION_COMMENTS = YES;
				CLANG_WARN_EMPTY_BODY = YES;
				CLANG_WARN_ENUM_CONVERSION = YES;
				CLANG_WARN_INFINITE_RECURSION = YES;
				CLANG_WARN_INT_CONVERSION = YES;
				CLANG_WARN_NON_LITERAL_NULL_CONVERSION = YES;
				CLANG_WARN_OBJC_IMPLICIT_RETAIN_SELF = YES;
				CLANG_WARN_OBJC_LITERAL_CONVERSION = YES;
				CLANG_WARN_OBJC_ROOT_CLASS = YES_ERROR;
				CLANG_WARN_QUOTED_INCLUDE_IN_FRAMEWORK_HEADER = YES;
				CLANG_WARN_RANGE_LOOP_ANALYSIS = YES;
				CLANG_WARN_STRICT_PROTOTYPES = YES;
				CLANG_WARN_SUSPICIOUS_MOVE = YES;
				CLANG_WARN_UNGUARDED_AVAILABILITY = YES_AGGRESSIVE;
				CLANG_WARN_UNREACHABLE_CODE = YES;
				CLANG_WARN__DUPLICATE_METHOD_MATCH = YES;
				COPY_PHASE_STRIP = NO;
				DEBUG_INFORMATION_FORMAT = "dwarf-with-dsym";
				ENABLE_NS_ASSERTIONS = NO;
				ENABLE_STRICT_OBJC_MSGSEND = YES;
				GCC_C_LANGUAGE_STANDARD = gnu11;
				GCC_NO_COMMON_BLOCKS = YES;
				GCC_WARN_64_TO_32_BIT_CONVERSION = YES;
				GCC_WARN_ABOUT_RETURN_TYPE = YES_ERROR;
				GCC_WARN_UNDECLARED_SELECTOR = YES;
				GCC_WARN_UNINITIALIZED_AUTOS = YES_AGGRESSIVE;
				GCC_WARN_UNUSED_FUNCTION = YES;
				GCC_WARN_UNUSED_VARIABLE = YES;
				IPHONEOS_DEPLOYMENT_TARGET = 15.5;
				MTL_ENABLE_DEBUG_INFO = NO;
				MTL_FAST_MATH = YES;
				SDKROOT = iphoneos;
				SWIFT_COMPILATION_MODE = wholemodule;
				SWIFT_OPTIMIZATION_LEVEL = "-O";
				VALIDATE_PRODUCT = YES;
			};
			name = Release;
		};
		52CA6D932937BB150072B41A /* Debug */ = {
			isa = XCBuildConfiguration;
			buildSettings = {
				ASSETCATALOG_COMPILER_APPICON_NAME = AppIcon;
				ASSETCATALOG_COMPILER_GLOBAL_ACCENT_COLOR_NAME = AccentColor;
				CODE_SIGN_STYLE = Automatic;
				CURRENT_PROJECT_VERSION = 1;
				DEVELOPMENT_TEAM = 8MLP8F94PN;
				GENERATE_INFOPLIST_FILE = YES;
				INFOPLIST_KEY_CFBundleDisplayName = "StreambirdDeviceSense-iOS";
				INFOPLIST_KEY_UIApplicationSupportsIndirectInputEvents = YES;
				INFOPLIST_KEY_UILaunchStoryboardName = LaunchScreen;
				INFOPLIST_KEY_UISupportedInterfaceOrientations_iPad = "UIInterfaceOrientationPortrait UIInterfaceOrientationPortraitUpsideDown UIInterfaceOrientationLandscapeLeft UIInterfaceOrientationLandscapeRight";
				INFOPLIST_KEY_UISupportedInterfaceOrientations_iPhone = "UIInterfaceOrientationPortrait UIInterfaceOrientationLandscapeLeft UIInterfaceOrientationLandscapeRight";
				LD_RUNPATH_SEARCH_PATHS = (
					"$(inherited)",
					"@executable_path/Frameworks",
				);
				MARKETING_VERSION = 1.0;
				PRODUCT_BUNDLE_IDENTIFIER = "com.quanghuynh.StreambirdDeviceSense-iOS";
				PRODUCT_NAME = "$(TARGET_NAME)";
				SWIFT_EMIT_LOC_STRINGS = YES;
				SWIFT_VERSION = 5.0;
				TARGETED_DEVICE_FAMILY = 1;
			};
			name = Debug;
		};
		52CA6D942937BB150072B41A /* Release */ = {
			isa = XCBuildConfiguration;
			buildSettings = {
				ASSETCATALOG_COMPILER_APPICON_NAME = AppIcon;
				ASSETCATALOG_COMPILER_GLOBAL_ACCENT_COLOR_NAME = AccentColor;
				CODE_SIGN_STYLE = Automatic;
				CURRENT_PROJECT_VERSION = 1;
				DEVELOPMENT_TEAM = 8MLP8F94PN;
				GENERATE_INFOPLIST_FILE = YES;
				INFOPLIST_KEY_CFBundleDisplayName = "StreambirdDeviceSense-iOS";
				INFOPLIST_KEY_UIApplicationSupportsIndirectInputEvents = YES;
				INFOPLIST_KEY_UILaunchStoryboardName = LaunchScreen;
				INFOPLIST_KEY_UISupportedInterfaceOrientations_iPad = "UIInterfaceOrientationPortrait UIInterfaceOrientationPortraitUpsideDown UIInterfaceOrientationLandscapeLeft UIInterfaceOrientationLandscapeRight";
				INFOPLIST_KEY_UISupportedInterfaceOrientations_iPhone = "UIInterfaceOrientationPortrait UIInterfaceOrientationLandscapeLeft UIInterfaceOrientationLandscapeRight";
				LD_RUNPATH_SEARCH_PATHS = (
					"$(inherited)",
					"@executable_path/Frameworks",
				);
				MARKETING_VERSION = 1.0;
				PRODUCT_BUNDLE_IDENTIFIER = "com.quanghuynh.StreambirdDeviceSense-iOS";
				PRODUCT_NAME = "$(TARGET_NAME)";
				SWIFT_EMIT_LOC_STRINGS = YES;
				SWIFT_VERSION = 5.0;
				TARGETED_DEVICE_FAMILY = 1;
			};
			name = Release;
		};
/* End XCBuildConfiguration section */

/* Begin XCConfigurationList section */
		52CA6D792937BB140072B41A /* Build configuration list for PBXProject "StreambirdDeviceSense-iOS" */ = {
			isa = XCConfigurationList;
			buildConfigurations = (
				52CA6D902937BB150072B41A /* Debug */,
				52CA6D912937BB150072B41A /* Release */,
			);
			defaultConfigurationIsVisible = 0;
			defaultConfigurationName = Release;
		};
		52CA6D922937BB150072B41A /* Build configuration list for PBXNativeTarget "StreambirdDeviceSense-iOS" */ = {
			isa = XCConfigurationList;
			buildConfigurations = (
				52CA6D932937BB150072B41A /* Debug */,
				52CA6D942937BB150072B41A /* Release */,
			);
			defaultConfigurationIsVisible = 0;
			defaultConfigurationName = Release;
		};
/* End XCConfigurationList section */
	};
	rootObject = 52CA6D762937BB140072B41A /* Project object */;
}
